// !$*UTF8*$!
{
	archiveVersion = 1;
	classes = {
	};
	objectVersion = 46;
	objects = {

/* Begin PBXBuildFile section */
		9328A60A1D42615700E62279 /* main.swift in Sources */ = {isa = PBXBuildFile; fileRef = 9328A6091D42615700E62279 /* main.swift */; };
		9328A61D1D4264CE00E62279 /* AnagramTest.swift in Sources */ = {isa = PBXBuildFile; fileRef = 9328A6161D4261D300E62279 /* AnagramTest.swift */; };
		9328A61F1D42651100E62279 /* main.swift in Sources */ = {isa = PBXBuildFile; fileRef = 9328A6091D42615700E62279 /* main.swift */; };
/* End PBXBuildFile section */

/* Begin PBXCopyFilesBuildPhase section */
		9328A6041D42615700E62279 /* CopyFiles */ = {
			isa = PBXCopyFilesBuildPhase;
			buildActionMask = 2147483647;
			dstPath = /usr/share/man/man1/;
			dstSubfolderSpec = 0;
			files = (
			);
			runOnlyForDeploymentPostprocessing = 1;
		};
/* End PBXCopyFilesBuildPhase section */

/* Begin PBXFileReference section */
		9328A6061D42615700E62279 /* Anagram */ = {isa = PBXFileReference; explicitFileType = "compiled.mach-o.executable"; includeInIndex = 0; path = Anagram; sourceTree = BUILT_PRODUCTS_DIR; };
		9328A6091D42615700E62279 /* main.swift */ = {isa = PBXFileReference; lastKnownFileType = sourcecode.swift; path = main.swift; sourceTree = "<group>"; };
		9328A6141D4261D300E62279 /* AnagramTest.xctest */ = {isa = PBXFileReference; explicitFileType = wrapper.cfbundle; includeInIndex = 0; path = AnagramTest.xctest; sourceTree = BUILT_PRODUCTS_DIR; };
		9328A6161D4261D300E62279 /* AnagramTest.swift */ = {isa = PBXFileReference; lastKnownFileType = sourcecode.swift; path = AnagramTest.swift; sourceTree = "<group>"; };
		9328A6181D4261D300E62279 /* Info.plist */ = {isa = PBXFileReference; lastKnownFileType = text.plist.xml; path = Info.plist; sourceTree = "<group>"; };
/* End PBXFileReference section */

/* Begin PBXFrameworksBuildPhase section */
		9328A6031D42615700E62279 /* Frameworks */ = {
			isa = PBXFrameworksBuildPhase;
			buildActionMask = 2147483647;
			files = (
			);
			runOnlyForDeploymentPostprocessing = 0;
		};
		9328A6111D4261D300E62279 /* Frameworks */ = {
			isa = PBXFrameworksBuildPhase;
			buildActionMask = 2147483647;
			files = (
			);
			runOnlyForDeploymentPostprocessing = 0;
		};
/* End PBXFrameworksBuildPhase section */

/* Begin PBXGroup section */
		9328A5FD1D42615700E62279 = {
			isa = PBXGroup;
			children = (
				9328A6081D42615700E62279 /* Anagram */,
				9328A6151D4261D300E62279 /* AnagramTest */,
				9328A6071D42615700E62279 /* Products */,
			);
			sourceTree = "<group>";
		};
		9328A6071D42615700E62279 /* Products */ = {
			isa = PBXGroup;
			children = (
				9328A6061D42615700E62279 /* Anagram */,
				9328A6141D4261D300E62279 /* AnagramTest.xctest */,
			);
			name = Products;
			sourceTree = "<group>";
		};
		9328A6081D42615700E62279 /* Anagram */ = {
			isa = PBXGroup;
			children = (
				9328A6091D42615700E62279 /* main.swift */,
			);
			path = Anagram;
			sourceTree = "<group>";
		};
		9328A6151D4261D300E62279 /* AnagramTest */ = {
			isa = PBXGroup;
			children = (
				9328A6161D4261D300E62279 /* AnagramTest.swift */,
				9328A6181D4261D300E62279 /* Info.plist */,
			);
			path = AnagramTest;
			sourceTree = "<group>";
		};
/* End PBXGroup section */

/* Begin PBXNativeTarget section */
		9328A6051D42615700E62279 /* Anagram */ = {
			isa = PBXNativeTarget;
			buildConfigurationList = 9328A60D1D42615700E62279 /* Build configuration list for PBXNativeTarget "Anagram" */;
			buildPhases = (
				9328A6021D42615700E62279 /* Sources */,
				9328A6031D42615700E62279 /* Frameworks */,
				9328A6041D42615700E62279 /* CopyFiles */,
			);
			buildRules = (
			);
			dependencies = (
			);
			name = Anagram;
			productName = Anagram;
			productReference = 9328A6061D42615700E62279 /* Anagram */;
			productType = "com.apple.product-type.tool";
		};
		9328A6131D4261D300E62279 /* AnagramTest */ = {
			isa = PBXNativeTarget;
			buildConfigurationList = 9328A6191D4261D300E62279 /* Build configuration list for PBXNativeTarget "AnagramTest" */;
			buildPhases = (
				9328A6101D4261D300E62279 /* Sources */,
				9328A6111D4261D300E62279 /* Frameworks */,
				9328A6121D4261D300E62279 /* Resources */,
			);
			buildRules = (
			);
			dependencies = (
			);
			name = AnagramTest;
			productName = AnagramTest;
			productReference = 9328A6141D4261D300E62279 /* AnagramTest.xctest */;
			productType = "com.apple.product-type.bundle.unit-test";
		};
/* End PBXNativeTarget section */

/* Begin PBXProject section */
		9328A5FE1D42615700E62279 /* Project object */ = {
			isa = PBXProject;
			attributes = {
				LastSwiftUpdateCheck = 0730;
				LastUpgradeCheck = 0730;
				ORGANIZATIONNAME = "Aaron Power";
				TargetAttributes = {
					9328A6051D42615700E62279 = {
						CreatedOnToolsVersion = 7.3.1;
					};
					9328A6131D4261D300E62279 = {
						CreatedOnToolsVersion = 7.3.1;
					};
				};
			};
			buildConfigurationList = 9328A6011D42615700E62279 /* Build configuration list for PBXProject "Anagram" */;
			compatibilityVersion = "Xcode 3.2";
			developmentRegion = English;
			hasScannedForEncodings = 0;
			knownRegions = (
				en,
			);
			mainGroup = 9328A5FD1D42615700E62279;
			productRefGroup = 9328A6071D42615700E62279 /* Products */;
			projectDirPath = "";
			projectRoot = "";
			targets = (
				9328A6051D42615700E62279 /* Anagram */,
				9328A6131D4261D300E62279 /* AnagramTest */,
			);
		};
/* End PBXProject section */

/* Begin PBXResourcesBuildPhase section */
		9328A6121D4261D300E62279 /* Resources */ = {
			isa = PBXResourcesBuildPhase;
			buildActionMask = 2147483647;
			files = (
			);
			runOnlyForDeploymentPostprocessing = 0;
		};
/* End PBXResourcesBuildPhase section */

/* Begin PBXSourcesBuildPhase section */
		9328A6021D42615700E62279 /* Sources */ = {
			isa = PBXSourcesBuildPhase;
			buildActionMask = 2147483647;
			files = (
				9328A60A1D42615700E62279 /* main.swift in Sources */,
			);
			runOnlyForDeploymentPostprocessing = 0;
		};
		9328A6101D4261D300E62279 /* Sources */ = {
			isa = PBXSourcesBuildPhase;
			buildActionMask = 2147483647;
			files = (
				9328A61F1D42651100E62279 /* main.swift in Sources */,
				9328A61D1D4264CE00E62279 /* AnagramTest.swift in Sources */,
			);
			runOnlyForDeploymentPostprocessing = 0;
		};
/* End PBXSourcesBuildPhase section */

/* Begin XCBuildConfiguration section */
		9328A60B1D42615700E62279 /* Debug */ = {
			isa = XCBuildConfiguration;
			buildSettings = {
				ALWAYS_SEARCH_USER_PATHS = NO;
				CLANG_ANALYZER_NONNULL = YES;
				CLANG_CXX_LANGUAGE_STANDARD = "gnu++0x";
				CLANG_CXX_LIBRARY = "libc++";
				CLANG_ENABLE_MODULES = YES;
				CLANG_ENABLE_OBJC_ARC = YES;
				CLANG_WARN_BOOL_CONVERSION = YES;
				CLANG_WARN_CONSTANT_CONVERSION = YES;
				CLANG_WARN_DIRECT_OBJC_ISA_USAGE = YES_ERROR;
				CLANG_WARN_EMPTY_BODY = YES;
				CLANG_WARN_ENUM_CONVERSION = YES;
				CLANG_WARN_INT_CONVERSION = YES;
				CLANG_WARN_OBJC_ROOT_CLASS = YES_ERROR;
				CLANG_WARN_UNREACHABLE_CODE = YES;
				CLANG_WARN__DUPLICATE_METHOD_MATCH = YES;
				CODE_SIGN_IDENTITY = "-";
				COPY_PHASE_STRIP = NO;
				DEBUG_INFORMATION_FORMAT = dwarf;
				ENABLE_STRICT_OBJC_MSGSEND = YES;
				ENABLE_TESTABILITY = YES;
				GCC_C_LANGUAGE_STANDARD = gnu99;
				GCC_DYNAMIC_NO_PIC = NO;
				GCC_NO_COMMON_BLOCKS = YES;
				GCC_OPTIMIZATION_LEVEL = 0;
				GCC_PREPROCESSOR_DEFINITIONS = (
					"DEBUG=1",
					"$(inherited)",
				);
				GCC_WARN_64_TO_32_BIT_CONVERSION = YES;
				GCC_WARN_ABOUT_RETURN_TYPE = YES_ERROR;
				GCC_WARN_UNDECLARED_SELECTOR = YES;
				GCC_WARN_UNINITIALIZED_AUTOS = YES_AGGRESSIVE;
				GCC_WARN_UNUSED_FUNCTION = YES;
				GCC_WARN_UNUSED_VARIABLE = YES;
				MACOSX_DEPLOYMENT_TARGET = 10.11;
				MTL_ENABLE_DEBUG_INFO = YES;
				ONLY_ACTIVE_ARCH = YES;
				SDKROOT = macosx;
				SWIFT_OPTIMIZATION_LEVEL = "-Onone";
			};
			name = Debug;
		};
		9328A60C1D42615700E62279 /* Release */ = {
			isa = XCBuildConfiguration;
			buildSettings = {
				ALWAYS_SEARCH_USER_PATHS = NO;
				CLANG_ANALYZER_NONNULL = YES;
				CLANG_CXX_LANGUAGE_STANDARD = "gnu++0x";
				CLANG_CXX_LIBRARY = "libc++";
				CLANG_ENABLE_MODULES = YES;
				CLANG_ENABLE_OBJC_ARC = YES;
				CLANG_WARN_BOOL_CONVERSION = YES;
				CLANG_WARN_CONSTANT_CONVERSION = YES;
				CLANG_WARN_DIRECT_OBJC_ISA_USAGE = YES_ERROR;
				CLANG_WARN_EMPTY_BODY = YES;
				CLANG_WARN_ENUM_CONVERSION = YES;
				CLANG_WARN_INT_CONVERSION = YES;
				CLANG_WARN_OBJC_ROOT_CLASS = YES_ERROR;
				CLANG_WARN_UNREACHABLE_CODE = YES;
				CLANG_WARN__DUPLICATE_METHOD_MATCH = YES;
				CODE_SIGN_IDENTITY = "-";
				COPY_PHASE_STRIP = NO;
				DEBUG_INFORMATION_FORMAT = "dwarf-with-dsym";
				ENABLE_NS_ASSERTIONS = NO;
				ENABLE_STRICT_OBJC_MSGSEND = YES;
				GCC_C_LANGUAGE_STANDARD = gnu99;
				GCC_NO_COMMON_BLOCKS = YES;
				GCC_WARN_64_TO_32_BIT_CONVERSION = YES;
				GCC_WARN_ABOUT_RETURN_TYPE = YES_ERROR;
				GCC_WARN_UNDECLARED_SELECTOR = YES;
				GCC_WARN_UNINITIALIZED_AUTOS = YES_AGGRESSIVE;
				GCC_WARN_UNUSED_FUNCTION = YES;
				GCC_WARN_UNUSED_VARIABLE = YES;
				MACOSX_DEPLOYMENT_TARGET = 10.11;
				MTL_ENABLE_DEBUG_INFO = NO;
				SDKROOT = macosx;
			};
			name = Release;
		};
		9328A60E1D42615700E62279 /* Debug */ = {
			isa = XCBuildConfiguration;
			buildSettings = {
				PRODUCT_NAME = "$(TARGET_NAME)";
			};
			name = Debug;
		};
		9328A60F1D42615700E62279 /* Release */ = {
			isa = XCBuildConfiguration;
			buildSettings = {
				PRODUCT_NAME = "$(TARGET_NAME)";
			};
			name = Release;
		};
		9328A61A1D4261D300E62279 /* Debug */ = {
			isa = XCBuildConfiguration;
			buildSettings = {
				COMBINE_HIDPI_IMAGES = YES;
				INFOPLIST_FILE = AnagramTest/Info.plist;
				LD_RUNPATH_SEARCH_PATHS = "$(inherited) @executable_path/../Frameworks @loader_path/../Frameworks";
				PRODUCT_BUNDLE_IDENTIFIER = power.AnagramTest;
				PRODUCT_NAME = "$(TARGET_NAME)";
			};
			name = Debug;
		};
		9328A61B1D4261D300E62279 /* Release */ = {
			isa = XCBuildConfiguration;
			buildSettings = {
				COMBINE_HIDPI_IMAGES = YES;
				INFOPLIST_FILE = AnagramTest/Info.plist;
				LD_RUNPATH_SEARCH_PATHS = "$(inherited) @executable_path/../Frameworks @loader_path/../Frameworks";
				PRODUCT_BUNDLE_IDENTIFIER = power.AnagramTest;
				PRODUCT_NAME = "$(TARGET_NAME)";
			};
			name = Release;
		};
/* End XCBuildConfiguration section */

/* Begin XCConfigurationList section */
		9328A6011D42615700E62279 /* Build configuration list for PBXProject "Anagram" */ = {
			isa = XCConfigurationList;
			buildConfigurations = (
				9328A60B1D42615700E62279 /* Debug */,
				9328A60C1D42615700E62279 /* Release */,
			);
			defaultConfigurationIsVisible = 0;
			defaultConfigurationName = Release;
		};
		9328A60D1D42615700E62279 /* Build configuration list for PBXNativeTarget "Anagram" */ = {
			isa = XCConfigurationList;
			buildConfigurations = (
				9328A60E1D42615700E62279 /* Debug */,
				9328A60F1D42615700E62279 /* Release */,
			);
			defaultConfigurationIsVisible = 0;
		};
		9328A6191D4261D300E62279 /* Build configuration list for PBXNativeTarget "AnagramTest" */ = {
			isa = XCConfigurationList;
			buildConfigurations = (
				9328A61A1D4261D300E62279 /* Debug */,
				9328A61B1D4261D300E62279 /* Release */,
			);
			defaultConfigurationIsVisible = 0;
		};
/* End XCConfigurationList section */
	};
	rootObject = 9328A5FE1D42615700E62279 /* Project object */;
}
